
Microsoft Visual Studio Solution File, Format Version 12.00
# Visual Studio Version 16
VisualStudioVersion = 16.0.29911.84
MinimumVisualStudioVersion = 10.0.40219.1
Project("{FAE04EC0-301F-11D3-BF4B-00C04F79EFBC}") = "BaiTapThietKeForm", "BaiTapThietKeForm.csproj", "{17D27233-08E9-4221-94C6-3D6A361381D7}"
EndProject
Global
	GlobalSection(SolutionConfigurationPlatforms) = preSolution
		Debug|Any CPU = Debug|Any CPU
		Release|Any CPU = Release|Any CPU
	EndGlobalSection
	GlobalSection(ProjectConfigurationPlatforms) = postSolution
		{17D27233-08E9-4221-94C6-3D6A361381D7}.Debug|Any CPU.ActiveCfg = Debug|Any CPU
		{17D27233-08E9-4221-94C6-3D6A361381D7}.Debug|Any CPU.Build.0 = Debug|Any CPU
		{17D27233-08E9-4221-94C6-3D6A361381D7}.Release|Any CPU.ActiveCfg = Release|Any CPU
		{17D27233-08E9-4221-94C6-3D6A361381D7}.Release|Any CPU.Build.0 = Release|Any CPU
	EndGlobalSection
	GlobalSection(SolutionProperties) = preSolution
		HideSolutionNode = FALSE
	EndGlobalSection
	GlobalSection(ExtensibilityGlobals) = postSolution
		SolutionGuid = {EF6C40B6-CD55-445C-B314-AF965DCDE5FA}
	EndGlobalSection
EndGlobal
